
Microsoft Visual Studio Solution File, Format Version 12.00
# Visual Studio Version 16
VisualStudioVersion = 16.0.30204.135
MinimumVisualStudioVersion = 10.0.40219.1
Project("{FAE04EC0-301F-11D3-BF4B-00C04F79EFBC}") = "клиент", "клиент\клиент.csproj", "{25DD7B83-A1E8-43B5-8AA6-722DB6786406}"
EndProject
Global
	GlobalSection(SolutionConfigurationPlatforms) = preSolution
		Debug|Any CPU = Debug|Any CPU
		Release|Any CPU = Release|Any CPU
	EndGlobalSection
	GlobalSection(ProjectConfigurationPlatforms) = postSolution
		{25DD7B83-A1E8-43B5-8AA6-722DB6786406}.Debug|Any CPU.ActiveCfg = Debug|Any CPU
		{25DD7B83-A1E8-43B5-8AA6-722DB6786406}.Debug|Any CPU.Build.0 = Debug|Any CPU
		{25DD7B83-A1E8-43B5-8AA6-722DB6786406}.Release|Any CPU.ActiveCfg = Release|Any CPU
		{25DD7B83-A1E8-43B5-8AA6-722DB6786406}.Release|Any CPU.Build.0 = Release|Any CPU
	EndGlobalSection
	GlobalSection(SolutionProperties) = preSolution
		HideSolutionNode = FALSE
	EndGlobalSection
	GlobalSection(ExtensibilityGlobals) = postSolution
		SolutionGuid = {BCE68414-F775-41E0-881C-1C0919CF3958}
	EndGlobalSection
EndGlobal
